github.com/cplieger/atomicfile/v4 v4.0.0 h1:7aZN3rFHFGPLCboxo2ZWymRpV5qGlOxQW59v5o1N1BY=
github.com/cplieger/atomicfile/v4 v4.0.0/go.mod h1:DZYrfbJDbS/gL4QWu4Uh3ddaWNoUYrW9zg3qiMZpaY0=
github.com/cplieger/httpx/v5 v5.0.5 h1:A2h/B2WJfjdGsY+r/jTID3Y86vY7Dfyg1DV+p77ili8=
github.com/cplieger/httpx/v5 v5.0.5/go.mod h1:+oL1fPTCSNuzy7HZEC2eCSirL+D3fh/AblvN/nQPSt0=
github.com/cplieger/jsoncap/v2 v2.0.3 h1:KrXnATaR6XE/cRmNqOwawm7jnCCCVQBhveqV39d2Ajc=
github.com/cplieger/jsoncap/v2 v2.0.3/go.mod h1:HKuj6+CrcJf5oHAJ8Sfnxv7Ip790NBWwCFtwVC9GR8Q=
github.com/cplieger/runesafe/v2 v2.1.1 h1:RE5LVy0ebepMs3Gky6DKgFrV0ykODk2W8OGVa8Zm0H8=
github.com/cplieger/runesafe/v2 v2.1.1/go.mod h1:cB0JYmCjfU+VzKAFWnhYfJL8OK0+d196ZSwh+Ohr+0k=
github.com/cplieger/ssrf/v4 v4.1.4 h1:bEyc6IASZJv6YtiKAGwAhxpcrNWXw6aYQdLYyR4IOrc=
github.com/cplieger/ssrf/v4 v4.1.4/go.mod h1:aoFkA+rp5MjLn3HSwxN8XltHUYGyJhLIqT4JAmFdgRE=
github.com/cplieger/urlform v1.3.6 h1:ddpWq/pvdQuuUNkRS1t+pVUTKPn3aXgvHsJ95ruVF8Q=
github.com/cplieger/urlform v1.3.6/go.mod h1:MBHIP8QYgO4th+l9h/npCyIN0Fe/d6WFRswoRnDAMxI=
pgregory.net/rapid v1.3.0 h1:vBvO0VSqti75J1jjYqpgPNBLKMd1+gxa9fYo7vk/Exc=
pgregory.net/rapid v1.3.0/go.mod h1:dPlE4OBBxgXPqkP79flB6sJL1dx5azpI7HQ9MY9Z7uk=
