github.com/cplieger/atomicfile/v3 v3.1.0 h1:jcDzYnT6nvhIqbo3w9g0Wnkeca8r0ofs0hy6+xQmwo4=
github.com/cplieger/atomicfile/v3 v3.1.0/go.mod h1:jhxOw5RQn5pYB0eAo5SLRPXKYChRxT/bW/TnTcLZa78=
github.com/cplieger/httpx/v5 v5.0.3 h1:bMtqn9nQXCD/0AdS2eEsl4K7QjYdANyM3ZyksDxKSug=
github.com/cplieger/httpx/v5 v5.0.3/go.mod h1:3LKMRNjhTYJM9lwDfGpyjtpL4umH6wSMpeD2vanUYlk=
github.com/cplieger/jsoncap/v2 v2.0.1 h1:22SjgtumpOmYet3Uc5Dvb0e557ffyfLGkJmp27h4e1o=
github.com/cplieger/jsoncap/v2 v2.0.1/go.mod h1:n/oSQh7c3HykYI3oh0GmBF2Hk6N1ore1fNemL/CvZHo=
github.com/cplieger/runesafe/v2 v2.1.0 h1:MTFMH5VDk9+bhbUces9LweBAO9Bsayy/hKLFBOqewj8=
github.com/cplieger/runesafe/v2 v2.1.0/go.mod h1:cB0JYmCjfU+VzKAFWnhYfJL8OK0+d196ZSwh+Ohr+0k=
github.com/cplieger/ssrf/v4 v4.1.3 h1:vW32FzbwVUmCGh18qG7g9pDumU7UK121INo40NSU+S0=
github.com/cplieger/ssrf/v4 v4.1.3/go.mod h1:aoFkA+rp5MjLn3HSwxN8XltHUYGyJhLIqT4JAmFdgRE=
github.com/cplieger/urlform v1.3.5 h1:ruGheV4i94sGUkpdWqvk/p52vA8Lapd0/gj380E6vZo=
github.com/cplieger/urlform v1.3.5/go.mod h1:MBHIP8QYgO4th+l9h/npCyIN0Fe/d6WFRswoRnDAMxI=
pgregory.net/rapid v1.3.0 h1:vBvO0VSqti75J1jjYqpgPNBLKMd1+gxa9fYo7vk/Exc=
pgregory.net/rapid v1.3.0/go.mod h1:dPlE4OBBxgXPqkP79flB6sJL1dx5azpI7HQ9MY9Z7uk=
