github.com/cplieger/atomicfile/v4 v4.1.0-dev.2 h1:X7yhApNKyYGcqQNHJOFbnUrMj/0lLCjxx5xJld388dc=
github.com/cplieger/atomicfile/v4 v4.1.0-dev.2/go.mod h1:C3RUdajRwohBoXTS7pgGj4fMGpVk0f4mYuqHuRz7zHE=
github.com/cplieger/httpx/v5 v5.0.5 h1:A2h/B2WJfjdGsY+r/jTID3Y86vY7Dfyg1DV+p77ili8=
github.com/cplieger/httpx/v5 v5.0.5/go.mod h1:+oL1fPTCSNuzy7HZEC2eCSirL+D3fh/AblvN/nQPSt0=
github.com/cplieger/jsoncap/v2 v2.0.3 h1:KrXnATaR6XE/cRmNqOwawm7jnCCCVQBhveqV39d2Ajc=
github.com/cplieger/jsoncap/v2 v2.0.3/go.mod h1:HKuj6+CrcJf5oHAJ8Sfnxv7Ip790NBWwCFtwVC9GR8Q=
github.com/cplieger/runesafe/v2 v2.1.1 h1:RE5LVy0ebepMs3Gky6DKgFrV0ykODk2W8OGVa8Zm0H8=
github.com/cplieger/runesafe/v2 v2.1.1/go.mod h1:cB0JYmCjfU+VzKAFWnhYfJL8OK0+d196ZSwh+Ohr+0k=
github.com/cplieger/ssrf/v4 v4.2.0-dev.3 h1:tHUCfAPm3dQU3lcJgxBDZ2Ijuxju8GpRxHXnc6qjMYM=
github.com/cplieger/ssrf/v4 v4.2.0-dev.3/go.mod h1:zg7m/ya8SdAko8XjpxYY4hCOfuGJEmJSGjdEOCy3qHE=
github.com/cplieger/urlform v1.4.0-dev.2 h1:UlZpOn0UHeQy0nN1GJ1h8oh4QN3eJ4OcpFlFpiFAds4=
github.com/cplieger/urlform v1.4.0-dev.2/go.mod h1:KQiEKaj3x5z7IYgtevcKyUwJ4AVtH5+hRnjO4GssGPM=
pgregory.net/rapid v1.3.0 h1:vBvO0VSqti75J1jjYqpgPNBLKMd1+gxa9fYo7vk/Exc=
pgregory.net/rapid v1.3.0/go.mod h1:dPlE4OBBxgXPqkP79flB6sJL1dx5azpI7HQ9MY9Z7uk=
